version = 1
revision = 3
requires-python = "==3.11.*"

[[package]]
name = "certifi"
version = "2026.2.25"
source = { registry = "https://pypi.org/simple" }
sdist = { url = "https://files.pythonhosted.org/packages/af/2d/7bf41579a8986e348fa033a31cdd0e4121114f6bce2457e8876010b092dd/certifi-2026.2.25.tar.gz", hash = "sha256:e887ab5cee78ea814d3472169153c2d12cd43b14bd03329a39a9c6e2e80bfba7", size = 155029, upload-time = "2026-02-25T02:54:17.342Z" }
wheels = [
    { url = "https://files.pythonhosted.org/packages/9a/3c/c17fb3ca2d9c3acff52e30b309f538586f9f5b9c9cf454f3845fc9af4881/certifi-2026.2.25-py3-none-any.whl", hash = "sha256:027692e4402ad994f1c42e52a4997a9763c646b73e4096e4d5d6db8af1d6f0fa", size = 153684, upload-time = "2026-02-25T02:54:15.766Z" },
]

[[package]]
name = "charset-normalizer"
version = "3.4.7"
source = { registry = "https://pypi.org/simple" }
sdist = { url = "https://files.pythonhosted.org/packages/e7/a1/67fe25fac3c7642725500a3f6cfe5821ad557c3abb11c9d20d12c7008d3e/charset_normalizer-3.4.7.tar.gz", hash = "sha256:ae89db9e5f98a11a4bf50407d4363e7b09b31e55bc117b4f7d80aab97ba009e5", size = 144271, upload-time = "2026-04-02T09:28:39.342Z" }
wheels = [
    { url = "https://files.pythonhosted.org/packages/c2/d7/b5b7020a0565c2e9fa8c09f4b5fa6232feb326b8c20081ccded47ea368fd/charset_normalizer-3.4.7-cp311-cp311-macosx_10_9_universal2.whl", hash = "sha256:7641bb8895e77f921102f72833904dcd9901df5d6d72a2ab8f31d04b7e51e4e7", size = 309705, upload-time = "2026-04-02T09:26:02.191Z" },
    { url = "https://files.pythonhosted.org/packages/5a/53/58c29116c340e5456724ecd2fff4196d236b98f3da97b404bc5e51ac3493/charset_normalizer-3.4.7-cp311-cp311-manylinux2014_aarch64.manylinux_2_17_aarch64.manylinux_2_28_aarch64.whl", hash = "sha256:202389074300232baeb53ae2569a60901f7efadd4245cf3a3bf0617d60b439d7", size = 206419, upload-time = "2026-04-02T09:26:03.583Z" },
    { url = "https://files.pythonhosted.org/packages/b2/02/e8146dc6591a37a00e5144c63f29fb7c97a734ea8a111190783c0e60ab63/charset_normalizer-3.4.7-cp311-cp311-manylinux2014_ppc64le.manylinux_2_17_ppc64le.manylinux_2_28_ppc64le.whl", hash = "sha256:30b8d1d8c52a48c2c5690e152c169b673487a2a58de1ec7393196753063fcd5e", size = 227901, upload-time = "2026-04-02T09:26:04.738Z" },
    { url = "https://files.pythonhosted.org/packages/fb/73/77486c4cd58f1267bf17db420e930c9afa1b3be3fe8c8b8ebbebc9624359/charset_normalizer-3.4.7-cp311-cp311-manylinux2014_s390x.manylinux_2_17_s390x.manylinux_2_28_s390x.whl", hash = "sha256:532bc9bf33a68613fd7d65e4b1c71a6a38d7d42604ecf239c77392e9b4e8998c", size = 222742, upload-time = "2026-04-02T09:26:06.36Z" },
    { url = "https://files.pythonhosted.org/packages/a1/fa/f74eb381a7d94ded44739e9d94de18dc5edc9c17fb8c11f0a6890696c0a9/charset_normalizer-3.4.7-cp311-cp311-manylinux2014_x86_64.manylinux_2_17_x86_64.manylinux_2_28_x86_64.whl", hash = "sha256:2fe249cb4651fd12605b7288b24751d8bfd46d35f12a20b1ba33dea122e690df", size = 214061, upload-time = "2026-04-02T09:26:08.347Z" },
    { url = "https://files.pythonhosted.org/packages/dc/92/42bd3cefcf7687253fb86694b45f37b733c97f59af3724f356fa92b8c344/charset_normalizer-3.4.7-cp311-cp311-manylinux_2_31_armv7l.whl", hash = "sha256:65bcd23054beab4d166035cabbc868a09c1a49d1efe458fe8e4361215df40265", size = 199239, upload-time = "2026-04-02T09:26:09.823Z" },
    { url = "https://files.pythonhosted.org/packages/4c/3d/069e7184e2aa3b3cddc700e3dd267413dc259854adc3380421c805c6a17d/charset_normalizer-3.4.7-cp311-cp311-manylinux_2_31_riscv64.manylinux_2_39_riscv64.whl", hash = "sha256:08e721811161356f97b4059a9ba7bafb23ea5ee2255402c42881c214e173c6b4", size = 210173, upload-time = "2026-04-02T09:26:10.953Z" },
    { url = "https://files.pythonhosted.org/packages/62/51/9d56feb5f2e7074c46f93e0ebdbe61f0848ee246e2f0d89f8e20b89ebb8f/charset_normalizer-3.4.7-cp311-cp311-musllinux_1_2_aarch64.whl", hash = "sha256:e060d01aec0a910bdccb8be71faf34e7799ce36950f8294c8bf612cba65a2c9e", size = 209841, upload-time = "2026-04-02T09:26:12.142Z" },
    { url = "https://files.pythonhosted.org/packages/d2/59/893d8f99cc4c837dda1fe2f1139079703deb9f321aabcb032355de13b6c7/charset_normalizer-3.4.7-cp311-cp311-musllinux_1_2_armv7l.whl", hash = "sha256:38c0109396c4cfc574d502df99742a45c72c08eff0a36158b6f04000043dbf38", size = 200304, upload-time = "2026-04-02T09:26:13.711Z" },
    { url = "https://files.pythonhosted.org/packages/7d/1d/ee6f3be3464247578d1ed5c46de545ccc3d3ff933695395c402c21fa6b77/charset_normalizer-3.4.7-cp311-cp311-musllinux_1_2_ppc64le.whl", hash = "sha256:1c2a768fdd44ee4a9339a9b0b130049139b8ce3c01d2ce09f67f5a68048d477c", size = 229455, upload-time = "2026-04-02T09:26:14.941Z" },
    { url = "https://files.pythonhosted.org/packages/54/bb/8fb0a946296ea96a488928bdce8ef99023998c48e4713af533e9bb98ef07/charset_normalizer-3.4.7-cp311-cp311-musllinux_1_2_riscv64.whl", hash = "sha256:1a87ca9d5df6fe460483d9a5bbf2b18f620cbed41b432e2bddb686228282d10b", size = 210036, upload-time = "2026-04-02T09:26:16.478Z" },
    { url = "https://files.pythonhosted.org/packages/9a/bc/015b2387f913749f82afd4fcba07846d05b6d784dd16123cb66860e0237d/charset_normalizer-3.4.7-cp311-cp311-musllinux_1_2_s390x.whl", hash = "sha256:d635aab80466bc95771bb78d5370e74d36d1fe31467b6b29b8b57b2a3cd7d22c", size = 224739, upload-time = "2026-04-02T09:26:17.751Z" },
    { url = "https://files.pythonhosted.org/packages/17/ab/63133691f56baae417493cba6b7c641571a2130eb7bceba6773367ab9ec5/charset_normalizer-3.4.7-cp311-cp311-musllinux_1_2_x86_64.whl", hash = "sha256:ae196f021b5e7c78e918242d217db021ed2a6ace2bc6ae94c0fc596221c7f58d", size = 216277, upload-time = "2026-04-02T09:26:18.981Z" },
    { url = "https://files.pythonhosted.org/packages/06/6d/3be70e827977f20db77c12a97e6a9f973631a45b8d186c084527e53e77a4/charset_normalizer-3.4.7-cp311-cp311-win32.whl", hash = "sha256:adb2597b428735679446b46c8badf467b4ca5f5056aae4d51a19f9570301b1ad", size = 147819, upload-time = "2026-04-02T09:26:20.295Z" },
    { url = "https://files.pythonhosted.org/packages/20/d9/5f67790f06b735d7c7637171bbfd89882ad67201891b7275e51116ed8207/charset_normalizer-3.4.7-cp311-cp311-win_amd64.whl", hash = "sha256:8e385e4267ab76874ae30db04c627faaaf0b509e1ccc11a95b3fc3e83f855c00", size = 159281, upload-time = "2026-04-02T09:26:21.74Z" },
    { url = "https://files.pythonhosted.org/packages/ca/83/6413f36c5a34afead88ce6f66684d943d91f233d76dd083798f9602b75ae/charset_normalizer-3.4.7-cp311-cp311-win_arm64.whl", hash = "sha256:d4a48e5b3c2a489fae013b7589308a40146ee081f6f509e047e0e096084ceca1", size = 147843, upload-time = "2026-04-02T09:26:22.901Z" },
    { url = "https://files.pythonhosted.org/packages/db/8f/61959034484a4a7c527811f4721e75d02d653a35afb0b6054474d8185d4c/charset_normalizer-3.4.7-py3-none-any.whl", hash = "sha256:3dce51d0f5e7951f8bb4900c257dad282f49190fdbebecd4ba99bcc41fef404d", size = 61958, upload-time = "2026-04-02T09:28:37.794Z" },
]

[[package]]
name = "colorama"
version = "0.4.6"
source = { registry = "https://pypi.org/simple" }
sdist = { url = "https://files.pythonhosted.org/packages/d8/53/6f443c9a4a8358a93a6792e2acffb9d9d5cb0a5cfd8802644b7b1c9a02e4/colorama-0.4.6.tar.gz", hash = "sha256:08695f5cb7ed6e0531a20572697297273c47b8cae5a63ffc6d6ed5c201be6e44", size = 27697, upload-time = "2022-10-25T02:36:22.414Z" }
wheels = [
    { url = "https://files.pythonhosted.org/packages/d1/d6/3965ed04c63042e047cb6a3e6ed1a63a35087b6a609aa3a15ed8ac56c221/colorama-0.4.6-py2.py3-none-any.whl", hash = "sha256:4f1d9991f5acc0ca119f9d443620b77f9d6b33703e51011c16baf57afb285fc6", size = 25335, upload-time = "2022-10-25T02:36:20.889Z" },
]

[[package]]
name = "confluent-kafka"
version = "2.14.0"
source = { registry = "https://pypi.org/simple" }
sdist = { url = "https://files.pythonhosted.org/packages/40/52/2c71d8e0b2de51076f90cea05342dc9c20fa14ded11992827680db4bbdfa/confluent_kafka-2.14.0.tar.gz", hash = "sha256:34efddfd06766d1153d10a70c23a98f6035e253a906db8ed04cb0249fc3b0fd2", size = 287868, upload-time = "2026-04-02T11:28:57.862Z" }
wheels = [
    { url = "https://files.pythonhosted.org/packages/6c/87/ae316df6411e87c14acf9d83bff12582a0f45dea76df1b5d2a623701d389/confluent_kafka-2.14.0-cp311-cp311-macosx_10_9_x86_64.whl", hash = "sha256:21c5ce6f388a5bd5d8f102026250faa528694cf7cf71fb6a1b321dad27874c1c", size = 3645064, upload-time = "2026-04-02T11:27:56.259Z" },
    { url = "https://files.pythonhosted.org/packages/41/5f/b154300af17a3f03a8fb071d9e3ec857d60b27191560f323b750966272ba/confluent_kafka-2.14.0-cp311-cp311-macosx_11_0_arm64.whl", hash = "sha256:2eaeabe10c44f8b4c0b879602e804548f2c49eae9e5d40a6d88e372c4c876810", size = 3203249, upload-time = "2026-04-02T11:27:58.556Z" },
    { url = "https://files.pythonhosted.org/packages/a2/5e/2d051982b3097e5bee61e2b38d1c95079db78b6c13bafe750d159fcfe6d1/confluent_kafka-2.14.0-cp311-cp311-manylinux_2_28_aarch64.whl", hash = "sha256:163f30cfe49f56d85d208ddf6db50a64cb4156d85ff0d5925cbf53c9c1ff5229", size = 3734511, upload-time = "2026-04-02T11:28:00.939Z" },
    { url = "https://files.pythonhosted.org/packages/05/fd/17f9982fc7ba905c2f667a6a5b8ce8fd032d42c97235235d35ccee172b70/confluent_kafka-2.14.0-cp311-cp311-manylinux_2_28_x86_64.whl", hash = "sha256:c86583d81b71c097e7fb9b2b7e45aa7e3f43cf23308319e0d6bd6eede3027732", size = 3991298, upload-time = "2026-04-02T11:28:03.375Z" },
    { url = "https://files.pythonhosted.org/packages/3d/16/069b1d090fa76a62dc3c897f2b081f42208cc8ee3c7dfa75d8e0852c9935/confluent_kafka-2.14.0-cp311-cp311-win_amd64.whl", hash = "sha256:74a9af680de1aab2a701c3a4645275374f556cabbf559fa569450fe4f8c61e25", size = 4111893, upload-time = "2026-04-02T11:28:05.799Z" },
]

[[package]]
name = "docker"
version = "7.1.0"
source = { registry = "https://pypi.org/simple" }
dependencies = [
    { name = "pywin32", marker = "sys_platform == 'win32'" },
    { name = "requests" },
    { name = "urllib3" },
]
sdist = { url = "https://files.pythonhosted.org/packages/91/9b/4a2ea29aeba62471211598dac5d96825bb49348fa07e906ea930394a83ce/docker-7.1.0.tar.gz", hash = "sha256:ad8c70e6e3f8926cb8a92619b832b4ea5299e2831c14284663184e200546fa6c", size = 117834, upload-time = "2024-05-23T11:13:57.216Z" }
wheels = [
    { url = "https://files.pythonhosted.org/packages/e3/26/57c6fb270950d476074c087527a558ccb6f4436657314bfb6cdf484114c4/docker-7.1.0-py3-none-any.whl", hash = "sha256:c96b93b7f0a746f9e77d325bcfb87422a3d8bd4f03136ae8a85b37f1898d5fc0", size = 147774, upload-time = "2024-05-23T11:13:55.01Z" },
]

[[package]]
name = "idna"
version = "3.11"
source = { registry = "https://pypi.org/simple" }
sdist = { url = "https://files.pythonhosted.org/packages/6f/6d/0703ccc57f3a7233505399edb88de3cbd678da106337b9fcde432b65ed60/idna-3.11.tar.gz", hash = "sha256:795dafcc9c04ed0c1fb032c2aa73654d8e8c5023a7df64a53f39190ada629902", size = 194582, upload-time = "2025-10-12T14:55:20.501Z" }
wheels = [
    { url = "https://files.pythonhosted.org/packages/0e/61/66938bbb5fc52dbdf84594873d5b51fb1f7c7794e9c0f5bd885f30bc507b/idna-3.11-py3-none-any.whl", hash = "sha256:771a87f49d9defaf64091e6e6fe9c18d4833f140bd19464795bc32d966ca37ea", size = 71008, upload-time = "2025-10-12T14:55:18.883Z" },
]

[[package]]
name = "iniconfig"
version = "2.3.0"
source = { registry = "https://pypi.org/simple" }
sdist = { url = "https://files.pythonhosted.org/packages/72/34/14ca021ce8e5dfedc35312d08ba8bf51fdd999c576889fc2c24cb97f4f10/iniconfig-2.3.0.tar.gz", hash = "sha256:c76315c77db068650d49c5b56314774a7804df16fee4402c1f19d6d15d8c4730", size = 20503, upload-time = "2025-10-18T21:55:43.219Z" }
wheels = [
    { url = "https://files.pythonhosted.org/packages/cb/b1/3846dd7f199d53cb17f49cba7e651e9ce294d8497c8c150530ed11865bb8/iniconfig-2.3.0-py3-none-any.whl", hash = "sha256:f631c04d2c48c52b84d0d0549c99ff3859c98df65b3101406327ecc7d53fbf12", size = 7484, upload-time = "2025-10-18T21:55:41.639Z" },
]

[[package]]
name = "librt"
version = "0.9.0"
source = { registry = "https://pypi.org/simple" }
sdist = { url = "https://files.pythonhosted.org/packages/eb/6b/3d5c13fb3e3c4f43206c8f9dfed13778c2ed4f000bacaa0b7ce3c402a265/librt-0.9.0.tar.gz", hash = "sha256:a0951822531e7aee6e0dfb556b30d5ee36bbe234faf60c20a16c01be3530869d", size = 184368, upload-time = "2026-04-09T16:06:26.173Z" }
wheels = [
    { url = "https://files.pythonhosted.org/packages/e2/1e/2ec7afcebcf3efea593d13aee18bbcfdd3a243043d848ebf385055e9f636/librt-0.9.0-cp311-cp311-macosx_10_9_x86_64.whl", hash = "sha256:90904fac73c478f4b83f4ed96c99c8208b75e6f9a8a1910548f69a00f1eaa671", size = 67155, upload-time = "2026-04-09T16:04:42.933Z" },
    { url = "https://files.pythonhosted.org/packages/18/77/72b85afd4435268338ad4ec6231b3da8c77363f212a0227c1ff3b45e4d35/librt-0.9.0-cp311-cp311-macosx_11_0_arm64.whl", hash = "sha256:789fff71757facc0738e8d89e3b84e4f0251c1c975e85e81b152cdaca927cc2d", size = 69916, upload-time = "2026-04-09T16:04:44.042Z" },
    { url = "https://files.pythonhosted.org/packages/27/fb/948ea0204fbe2e78add6d46b48330e58d39897e425560674aee302dca81c/librt-0.9.0-cp311-cp311-manylinux1_i686.manylinux_2_28_i686.manylinux_2_5_i686.whl", hash = "sha256:1bf465d1e5b0a27713862441f6467b5ab76385f4ecf8f1f3a44f8aa3c695b4b6", size = 199635, upload-time = "2026-04-09T16:04:45.5Z" },
    { url = "https://files.pythonhosted.org/packages/ac/cd/894a29e251b296a27957856804cfd21e93c194aa131de8bb8032021be07e/librt-0.9.0-cp311-cp311-manylinux2014_aarch64.manylinux_2_17_aarch64.manylinux_2_28_aarch64.whl", hash = "sha256:f819e0c6413e259a17a7c0d49f97f405abadd3c2a316a3b46c6440b7dbbedbb1", size = 211051, upload-time = "2026-04-09T16:04:47.016Z" },
    { url = "https://files.pythonhosted.org/packages/18/8f/dcaed0bc084a35f3721ff2d081158db569d2c57ea07d35623ddaca5cfc8e/librt-0.9.0-cp311-cp311-manylinux2014_x86_64.manylinux_2_17_x86_64.manylinux_2_28_x86_64.whl", hash = "sha256:e0785c2fb4a81e1aece366aa3e2e039f4a4d7d21aaaded5227d7f3c703427882", size = 224031, upload-time = "2026-04-09T16:04:48.207Z" },
    { url = "https://files.pythonhosted.org/packages/03/44/88f6c1ed1132cd418601cc041fbd92fed28b3a09f39de81978e0822d13ff/librt-0.9.0-cp311-cp311-manylinux_2_31_riscv64.manylinux_2_39_riscv64.whl", hash = "sha256:80b25c7b570a86c03b5da69e665809deb39265476e8e21d96a9328f9762f9990", size = 218069, upload-time = "2026-04-09T16:04:50.025Z" },
    { url = "https://files.pythonhosted.org/packages/a3/90/7d02e981c2db12188d82b4410ff3e35bfdb844b26aecd02233626f46af2b/librt-0.9.0-cp311-cp311-musllinux_1_2_aarch64.whl", hash = "sha256:d4d16b608a1c43d7e33142099a75cd93af482dadce0bf82421e91cad077157f4", size = 224857, upload-time = "2026-04-09T16:04:51.684Z" },
    { url = "https://files.pythonhosted.org/packages/ef/c3/c77e706b7215ca32e928d47535cf13dbc3d25f096f84ddf8fbc06693e229/librt-0.9.0-cp311-cp311-musllinux_1_2_i686.whl", hash = "sha256:194fc1a32e1e21fe809d38b5faea66cc65eaa00217c8901fbdb99866938adbdb", size = 219865, upload-time = "2026-04-09T16:04:52.949Z" },
    { url = "https://files.pythonhosted.org/packages/52/d1/32b0c1a0eb8461c70c11656c46a29f760b7c7edf3c36d6f102470c17170f/librt-0.9.0-cp311-cp311-musllinux_1_2_riscv64.whl", hash = "sha256:8c6bc1384d9738781cfd41d09ad7f6e8af13cfea2c75ece6bd6d2566cdea2076", size = 218451, upload-time = "2026-04-09T16:04:54.174Z" },
    { url = "https://files.pythonhosted.org/packages/74/d1/adfd0f9c44761b1d49b1bec66173389834c33ee2bd3c7fd2e2367f1942d4/librt-0.9.0-cp311-cp311-musllinux_1_2_x86_64.whl", hash = "sha256:15cb151e52a044f06e54ac7f7b47adbfc89b5c8e2b63e1175a9d587c43e8942a", size = 241300, upload-time = "2026-04-09T16:04:55.452Z" },
    { url = "https://files.pythonhosted.org/packages/09/b0/9074b64407712f0003c27f5b1d7655d1438979155f049720e8a1abd9b1a1/librt-0.9.0-cp311-cp311-win32.whl", hash = "sha256:f100bfe2acf8a3689af9d0cc660d89f17286c9c795f9f18f7b62dd1a6b247ae6", size = 55668, upload-time = "2026-04-09T16:04:56.689Z" },
    { url = "https://files.pythonhosted.org/packages/24/19/40b77b77ce80b9389fb03971431b09b6b913911c38d412059e0b3e2a9ef2/librt-0.9.0-cp311-cp311-win_amd64.whl", hash = "sha256:0b73e4266307e51c95e09c0750b7ec383c561d2e97d58e473f6f6a209952fbb8", size = 62976, upload-time = "2026-04-09T16:04:57.733Z" },
    { url = "https://files.pythonhosted.org/packages/70/9d/9fa7a64041e29035cb8c575af5f0e3840be1b97b4c4d9061e0713f171849/librt-0.9.0-cp311-cp311-win_arm64.whl", hash = "sha256:bc5518873822d2faa8ebdd2c1a4d7c8ef47b01a058495ab7924cb65bdbf5fc9a", size = 53502, upload-time = "2026-04-09T16:04:58.806Z" },
]

[[package]]
name = "mypy"
version = "1.20.0"
source = { registry = "https://pypi.org/simple" }
dependencies = [
    { name = "librt", marker = "platform_python_implementation != 'PyPy'" },
    { name = "mypy-extensions" },
    { name = "pathspec" },
    { name = "typing-extensions" },
]
sdist = { url = "https://files.pythonhosted.org/packages/f8/5c/b0089fe7fef0a994ae5ee07029ced0526082c6cfaaa4c10d40a10e33b097/mypy-1.20.0.tar.gz", hash = "sha256:eb96c84efcc33f0b5e0e04beacf00129dd963b67226b01c00b9dfc8affb464c3", size = 3815028, upload-time = "2026-03-31T16:55:14.959Z" }
wheels = [
    { url = "https://files.pythonhosted.org/packages/6e/1c/74cb1d9993236910286865679d1c616b136b2eae468493aa939431eda410/mypy-1.20.0-cp311-cp311-macosx_10_9_x86_64.whl", hash = "sha256:4525e7010b1b38334516181c5b81e16180b8e149e6684cee5a727c78186b4e3b", size = 14343972, upload-time = "2026-03-31T16:49:04.887Z" },
    { url = "https://files.pythonhosted.org/packages/d5/0d/01399515eca280386e308cf57901e68d3a52af18691941b773b3380c1df8/mypy-1.20.0-cp311-cp311-macosx_11_0_arm64.whl", hash = "sha256:a17c5d0bdcca61ce24a35beb828a2d0d323d3fcf387d7512206888c900193367", size = 13225007, upload-time = "2026-03-31T16:50:08.151Z" },
    { url = "https://files.pythonhosted.org/packages/56/ac/b4ba5094fb2d7fe9d2037cd8d18bbe02bcf68fd22ab9ff013f55e57ba095/mypy-1.20.0-cp311-cp311-manylinux2014_aarch64.manylinux_2_17_aarch64.manylinux_2_28_aarch64.whl", hash = "sha256:f75ff57defcd0f1d6e006d721ccdec6c88d4f6a7816eb92f1c4890d979d9ee62", size = 13663752, upload-time = "2026-03-31T16:49:26.064Z" },
    { url = "https://files.pythonhosted.org/packages/db/a7/460678d3cf7da252d2288dad0c602294b6ec22a91932ec368cc11e44bb6e/mypy-1.20.0-cp311-cp311-manylinux2014_x86_64.manylinux_2_17_x86_64.manylinux_2_28_x86_64.whl", hash = "sha256:b503ab55a836136b619b5fc21c8803d810c5b87551af8600b72eecafb0059cb0", size = 14532265, upload-time = "2026-03-31T16:53:55.077Z" },
    { url = "https://files.pythonhosted.org/packages/a3/3e/051cca8166cf0438ae3ea80e0e7c030d7a8ab98dffc93f80a1aa3f23c1a2/mypy-1.20.0-cp311-cp311-musllinux_1_2_x86_64.whl", hash = "sha256:1973868d2adbb4584a3835780b27436f06d1dc606af5be09f187aaa25be1070f", size = 14768476, upload-time = "2026-03-31T16:50:34.587Z" },
    { url = "https://files.pythonhosted.org/packages/be/66/8e02ec184f852ed5c4abb805583305db475930854e09964b55e107cdcbc4/mypy-1.20.0-cp311-cp311-win_amd64.whl", hash = "sha256:2fcedb16d456106e545b2bfd7ef9d24e70b38ec252d2a629823a4d07ebcdb69e", size = 10818226, upload-time = "2026-03-31T16:53:15.624Z" },
    { url = "https://files.pythonhosted.org/packages/13/4b/383ad1924b28f41e4879a74151e7a5451123330d45652da359f9183bcd45/mypy-1.20.0-cp311-cp311-win_arm64.whl", hash = "sha256:379edf079ce44ac8d2805bcf9b3dd7340d4f97aad3a5e0ebabbf9d125b84b442", size = 9750091, upload-time = "2026-03-31T16:54:12.162Z" },
    { url = "https://files.pythonhosted.org/packages/21/66/4d734961ce167f0fd8380769b3b7c06dbdd6ff54c2190f3f2ecd22528158/mypy-1.20.0-py3-none-any.whl", hash = "sha256:a6e0641147cbfa7e4e94efdb95c2dab1aff8cfc159ded13e07f308ddccc8c48e", size = 2636365, upload-time = "2026-03-31T16:51:44.911Z" },
]

[[package]]
name = "mypy-extensions"
version = "1.1.0"
source = { registry = "https://pypi.org/simple" }
sdist = { url = "https://files.pythonhosted.org/packages/a2/6e/371856a3fb9d31ca8dac321cda606860fa4548858c0cc45d9d1d4ca2628b/mypy_extensions-1.1.0.tar.gz", hash = "sha256:52e68efc3284861e772bbcd66823fde5ae21fd2fdb51c62a211403730b916558", size = 6343, upload-time = "2025-04-22T14:54:24.164Z" }
wheels = [
    { url = "https://files.pythonhosted.org/packages/79/7b/2c79738432f5c924bef5071f933bcc9efd0473bac3b4aa584a6f7c1c8df8/mypy_extensions-1.1.0-py3-none-any.whl", hash = "sha256:1be4cccdb0f2482337c4743e60421de3a356cd97508abadd57d47403e94f5505", size = 4963, upload-time = "2025-04-22T14:54:22.983Z" },
]

[[package]]
name = "packaging"
version = "26.0"
source = { registry = "https://pypi.org/simple" }
sdist = { url = "https://files.pythonhosted.org/packages/65/ee/299d360cdc32edc7d2cf530f3accf79c4fca01e96ffc950d8a52213bd8e4/packaging-26.0.tar.gz", hash = "sha256:00243ae351a257117b6a241061796684b084ed1c516a08c48a3f7e147a9d80b4", size = 143416, upload-time = "2026-01-21T20:50:39.064Z" }
wheels = [
    { url = "https://files.pythonhosted.org/packages/b7/b9/c538f279a4e237a006a2c98387d081e9eb060d203d8ed34467cc0f0b9b53/packaging-26.0-py3-none-any.whl", hash = "sha256:b36f1fef9334a5588b4166f8bcd26a14e521f2b55e6b9de3aaa80d3ff7a37529", size = 74366, upload-time = "2026-01-21T20:50:37.788Z" },
]

[[package]]
name = "pathspec"
version = "1.0.4"
source = { registry = "https://pypi.org/simple" }
sdist = { url = "https://files.pythonhosted.org/packages/fa/36/e27608899f9b8d4dff0617b2d9ab17ca5608956ca44461ac14ac48b44015/pathspec-1.0.4.tar.gz", hash = "sha256:0210e2ae8a21a9137c0d470578cb0e595af87edaa6ebf12ff176f14a02e0e645", size = 131200, upload-time = "2026-01-27T03:59:46.938Z" }
wheels = [
    { url = "https://files.pythonhosted.org/packages/ef/3c/2c197d226f9ea224a9ab8d197933f9da0ae0aac5b6e0f884e2b8d9c8e9f7/pathspec-1.0.4-py3-none-any.whl", hash = "sha256:fb6ae2fd4e7c921a165808a552060e722767cfa526f99ca5156ed2ce45a5c723", size = 55206, upload-time = "2026-01-27T03:59:45.137Z" },
]

[[package]]
name = "pluggy"
version = "1.6.0"
source = { registry = "https://pypi.org/simple" }
sdist = { url = "https://files.pythonhosted.org/packages/f9/e2/3e91f31a7d2b083fe6ef3fa267035b518369d9511ffab804f839851d2779/pluggy-1.6.0.tar.gz", hash = "sha256:7dcc130b76258d33b90f61b658791dede3486c3e6bfb003ee5c9bfb396dd22f3", size = 69412, upload-time = "2025-05-15T12:30:07.975Z" }
wheels = [
    { url = "https://files.pythonhosted.org/packages/54/20/4d324d65cc6d9205fabedc306948156824eb9f0ee1633355a8f7ec5c66bf/pluggy-1.6.0-py3-none-any.whl", hash = "sha256:e920276dd6813095e9377c0bc5566d94c932c33b27a3e3945d8389c374dd4746", size = 20538, upload-time = "2025-05-15T12:30:06.134Z" },
]

[[package]]
name = "py4j"
version = "0.10.9.9"
source = { registry = "https://pypi.org/simple" }
sdist = { url = "https://files.pythonhosted.org/packages/38/31/0b210511177070c8d5d3059556194352e5753602fa64b85b7ab81ec1a009/py4j-0.10.9.9.tar.gz", hash = "sha256:f694cad19efa5bd1dee4f3e5270eb406613c974394035e5bfc4ec1aba870b879", size = 761089, upload-time = "2025-01-15T03:53:18.624Z" }
wheels = [
    { url = "https://files.pythonhosted.org/packages/bd/db/ea0203e495be491c85af87b66e37acfd3bf756fd985f87e46fc5e3bf022c/py4j-0.10.9.9-py2.py3-none-any.whl", hash = "sha256:c7c26e4158defb37b0bb124933163641a2ff6e3a3913f7811b0ddbe07ed61533", size = 203008, upload-time = "2025-01-15T03:53:15.648Z" },
]

[[package]]
name = "pygments"
version = "2.20.0"
source = { registry = "https://pypi.org/simple" }
sdist = { url = "https://files.pythonhosted.org/packages/c3/b2/bc9c9196916376152d655522fdcebac55e66de6603a76a02bca1b6414f6c/pygments-2.20.0.tar.gz", hash = "sha256:6757cd03768053ff99f3039c1a36d6c0aa0b263438fcab17520b30a303a82b5f", size = 4955991, upload-time = "2026-03-29T13:29:33.898Z" }
wheels = [
    { url = "https://files.pythonhosted.org/packages/f4/7e/a72dd26f3b0f4f2bf1dd8923c85f7ceb43172af56d63c7383eb62b332364/pygments-2.20.0-py3-none-any.whl", hash = "sha256:81a9e26dd42fd28a23a2d169d86d7ac03b46e2f8b59ed4698fb4785f946d0176", size = 1231151, upload-time = "2026-03-29T13:29:30.038Z" },
]

[[package]]
name = "pyspark"
version = "3.5.8"
source = { registry = "https://pypi.org/simple" }
dependencies = [
    { name = "py4j" },
]
sdist = { url = "https://files.pythonhosted.org/packages/80/5a/3806f44eb47387e8af803508cdd6bbc0df784febf4dc010700be04a1ff89/pyspark-3.5.8.tar.gz", hash = "sha256:54cca0767b21b40e3953ad1d30f8601c53abf9cbda763653289cdcfcac52313c", size = 317817299, upload-time = "2026-01-15T11:46:14.487Z" }

[[package]]
name = "pytest"
version = "9.0.3"
source = { registry = "https://pypi.org/simple" }
dependencies = [
    { name = "colorama", marker = "sys_platform == 'win32'" },
    { name = "iniconfig" },
    { name = "packaging" },
    { name = "pluggy" },
    { name = "pygments" },
]
sdist = { url = "https://files.pythonhosted.org/packages/7d/0d/549bd94f1a0a402dc8cf64563a117c0f3765662e2e668477624baeec44d5/pytest-9.0.3.tar.gz", hash = "sha256:b86ada508af81d19edeb213c681b1d48246c1a91d304c6c81a427674c17eb91c", size = 1572165, upload-time = "2026-04-07T17:16:18.027Z" }
wheels = [
    { url = "https://files.pythonhosted.org/packages/d4/24/a372aaf5c9b7208e7112038812994107bc65a84cd00e0354a88c2c77a617/pytest-9.0.3-py3-none-any.whl", hash = "sha256:2c5efc453d45394fdd706ade797c0a81091eccd1d6e4bccfcd476e2b8e0ab5d9", size = 375249, upload-time = "2026-04-07T17:16:16.13Z" },
]

[[package]]
name = "python-dotenv"
version = "1.2.2"
source = { registry = "https://pypi.org/simple" }
sdist = { url = "https://files.pythonhosted.org/packages/82/ed/0301aeeac3e5353ef3d94b6ec08bbcabd04a72018415dcb29e588514bba8/python_dotenv-1.2.2.tar.gz", hash = "sha256:2c371a91fbd7ba082c2c1dc1f8bf89ca22564a087c2c287cd9b662adde799cf3", size = 50135, upload-time = "2026-03-01T16:00:26.196Z" }
wheels = [
    { url = "https://files.pythonhosted.org/packages/0b/d7/1959b9648791274998a9c3526f6d0ec8fd2233e4d4acce81bbae76b44b2a/python_dotenv-1.2.2-py3-none-any.whl", hash = "sha256:1d8214789a24de455a8b8bd8ae6fe3c6b69a5e3d64aa8a8e5d68e694bbcb285a", size = 22101, upload-time = "2026-03-01T16:00:25.09Z" },
]

[[package]]
name = "pywin32"
version = "311"
source = { registry = "https://pypi.org/simple" }
wheels = [
    { url = "https://files.pythonhosted.org/packages/7c/af/449a6a91e5d6db51420875c54f6aff7c97a86a3b13a0b4f1a5c13b988de3/pywin32-311-cp311-cp311-win32.whl", hash = "sha256:184eb5e436dea364dcd3d2316d577d625c0351bf237c4e9a5fabbcfa5a58b151", size = 8697031, upload-time = "2025-07-14T20:13:13.266Z" },
    { url = "https://files.pythonhosted.org/packages/51/8f/9bb81dd5bb77d22243d33c8397f09377056d5c687aa6d4042bea7fbf8364/pywin32-311-cp311-cp311-win_amd64.whl", hash = "sha256:3ce80b34b22b17ccbd937a6e78e7225d80c52f5ab9940fe0506a1a16f3dab503", size = 9508308, upload-time = "2025-07-14T20:13:15.147Z" },
    { url = "https://files.pythonhosted.org/packages/44/7b/9c2ab54f74a138c491aba1b1cd0795ba61f144c711daea84a88b63dc0f6c/pywin32-311-cp311-cp311-win_arm64.whl", hash = "sha256:a733f1388e1a842abb67ffa8e7aad0e70ac519e09b0f6a784e65a136ec7cefd2", size = 8703930, upload-time = "2025-07-14T20:13:16.945Z" },
]

[[package]]
name = "requests"
version = "2.33.1"
source = { registry = "https://pypi.org/simple" }
dependencies = [
    { name = "certifi" },
    { name = "charset-normalizer" },
    { name = "idna" },
    { name = "urllib3" },
]
sdist = { url = "https://files.pythonhosted.org/packages/5f/a4/98b9c7c6428a668bf7e42ebb7c79d576a1c3c1e3ae2d47e674b468388871/requests-2.33.1.tar.gz", hash = "sha256:18817f8c57c6263968bc123d237e3b8b08ac046f5456bd1e307ee8f4250d3517", size = 134120, upload-time = "2026-03-30T16:09:15.531Z" }
wheels = [
    { url = "https://files.pythonhosted.org/packages/d7/8e/7540e8a2036f79a125c1d2ebadf69ed7901608859186c856fa0388ef4197/requests-2.33.1-py3-none-any.whl", hash = "sha256:4e6d1ef462f3626a1f0a0a9c42dd93c63bad33f9f1c1937509b8c5c8718ab56a", size = 64947, upload-time = "2026-03-30T16:09:13.83Z" },
]

[[package]]
name = "ruff"
version = "0.15.10"
source = { registry = "https://pypi.org/simple" }
sdist = { url = "https://files.pythonhosted.org/packages/e7/d9/aa3f7d59a10ef6b14fe3431706f854dbf03c5976be614a9796d36326810c/ruff-0.15.10.tar.gz", hash = "sha256:d1f86e67ebfdef88e00faefa1552b5e510e1d35f3be7d423dc7e84e63788c94e", size = 4631728, upload-time = "2026-04-09T14:06:09.884Z" }
wheels = [
    { url = "https://files.pythonhosted.org/packages/eb/00/a1c2fdc9939b2c03691edbda290afcd297f1f389196172826b03d6b6a595/ruff-0.15.10-py3-none-linux_armv6l.whl", hash = "sha256:0744e31482f8f7d0d10a11fcbf897af272fefdfcb10f5af907b18c2813ff4d5f", size = 10563362, upload-time = "2026-04-09T14:06:21.189Z" },
    { url = "https://files.pythonhosted.org/packages/5c/15/006990029aea0bebe9d33c73c3e28c80c391ebdba408d1b08496f00d422d/ruff-0.15.10-py3-none-macosx_10_12_x86_64.whl", hash = "sha256:b1e7c16ea0ff5a53b7c2df52d947e685973049be1cdfe2b59a9c43601897b22e", size = 10951122, upload-time = "2026-04-09T14:06:02.236Z" },
    { url = "https://files.pythonhosted.org/packages/f2/c0/4ac978fe874d0618c7da647862afe697b281c2806f13ce904ad652fa87e4/ruff-0.15.10-py3-none-macosx_11_0_arm64.whl", hash = "sha256:93cc06a19e5155b4441dd72808fdf84290d84ad8a39ca3b0f994363ade4cebb1", size = 10314005, upload-time = "2026-04-09T14:06:00.026Z" },
    { url = "https://files.pythonhosted.org/packages/da/73/c209138a5c98c0d321266372fc4e33ad43d506d7e5dd817dd89b60a8548f/ruff-0.15.10-py3-none-manylinux_2_17_aarch64.manylinux2014_aarch64.whl", hash = "sha256:83e1dd04312997c99ea6965df66a14fb4f03ba978564574ffc68b0d61fd3989e", size = 10643450, upload-time = "2026-04-09T14:05:42.137Z" },
    { url = "https://files.pythonhosted.org/packages/ec/76/0deec355d8ec10709653635b1f90856735302cb8e149acfdf6f82a5feb70/ruff-0.15.10-py3-none-manylinux_2_17_armv7l.manylinux2014_armv7l.whl", hash = "sha256:8154d43684e4333360fedd11aaa40b1b08a4e37d8ffa9d95fee6fa5b37b6fab1", size = 10379597, upload-time = "2026-04-09T14:05:49.984Z" },
    { url = "https://files.pythonhosted.org/packages/dc/be/86bba8fc8798c081e28a4b3bb6d143ccad3fd5f6f024f02002b8f08a9fa3/ruff-0.15.10-py3-none-manylinux_2_17_i686.manylinux2014_i686.whl", hash = "sha256:8ab88715f3a6deb6bde6c227f3a123410bec7b855c3ae331b4c006189e895cef", size = 11146645, upload-time = "2026-04-09T14:06:12.246Z" },
    { url = "https://files.pythonhosted.org/packages/a8/89/140025e65911b281c57be1d385ba1d932c2366ca88ae6663685aed8d4881/ruff-0.15.10-py3-none-manylinux_2_17_ppc64le.manylinux2014_ppc64le.whl", hash = "sha256:a768ff5969b4f44c349d48edf4ab4f91eddb27fd9d77799598e130fb628aa158", size = 12030289, upload-time = "2026-04-09T14:06:04.776Z" },
    { url = "https://files.pythonhosted.org/packages/88/de/ddacca9545a5e01332567db01d44bd8cf725f2db3b3d61a80550b48308ea/ruff-0.15.10-py3-none-manylinux_2_17_s390x.manylinux2014_s390x.whl", hash = "sha256:0ee3ef42dab7078bda5ff6a1bcba8539e9857deb447132ad5566a038674540d0", size = 11496266, upload-time = "2026-04-09T14:05:55.485Z" },
    { url = "https://files.pythonhosted.org/packages/bc/bb/7ddb00a83760ff4a83c4e2fc231fd63937cc7317c10c82f583302e0f6586/ruff-0.15.10-py3-none-manylinux_2_17_x86_64.manylinux2014_x86_64.whl", hash = "sha256:51cb8cc943e891ba99989dd92d61e29b1d231e14811db9be6440ecf25d5c1609", size = 11256418, upload-time = "2026-04-09T14:05:57.69Z" },
    { url = "https://files.pythonhosted.org/packages/dc/8d/55de0d35aacf6cd50b6ee91ee0f291672080021896543776f4170fc5c454/ruff-0.15.10-py3-none-manylinux_2_31_riscv64.whl", hash = "sha256:e59c9bdc056a320fb9ea1700a8d591718b8faf78af065484e801258d3a76bc3f", size = 11288416, upload-time = "2026-04-09T14:05:44.695Z" },
    { url = "https://files.pythonhosted.org/packages/68/cf/9438b1a27426ec46a80e0a718093c7f958ef72f43eb3111862949ead3cc1/ruff-0.15.10-py3-none-musllinux_1_2_aarch64.whl", hash = "sha256:136c00ca2f47b0018b073f28cb5c1506642a830ea941a60354b0e8bc8076b151", size = 10621053, upload-time = "2026-04-09T14:05:52.782Z" },
    { url = "https://files.pythonhosted.org/packages/4c/50/e29be6e2c135e9cd4cb15fbade49d6a2717e009dff3766dd080fcb82e251/ruff-0.15.10-py3-none-musllinux_1_2_armv7l.whl", hash = "sha256:8b80a2f3c9c8a950d6237f2ca12b206bccff626139be9fa005f14feb881a1ae8", size = 10378302, upload-time = "2026-04-09T14:06:14.361Z" },
    { url = "https://files.pythonhosted.org/packages/18/2f/e0b36a6f99c51bb89f3a30239bc7bf97e87a37ae80aa2d6542d6e5150364/ruff-0.15.10-py3-none-musllinux_1_2_i686.whl", hash = "sha256:e3e53c588164dc025b671c9df2462429d60357ea91af7e92e9d56c565a9f1b07", size = 10850074, upload-time = "2026-04-09T14:06:16.581Z" },
    { url = "https://files.pythonhosted.org/packages/11/08/874da392558ce087a0f9b709dc6ec0d60cbc694c1c772dab8d5f31efe8cb/ruff-0.15.10-py3-none-musllinux_1_2_x86_64.whl", hash = "sha256:b0c52744cf9f143a393e284125d2576140b68264a93c6716464e129a3e9adb48", size = 11358051, upload-time = "2026-04-09T14:06:18.948Z" },
    { url = "https://files.pythonhosted.org/packages/e4/46/602938f030adfa043e67112b73821024dc79f3ab4df5474c25fa4c1d2d14/ruff-0.15.10-py3-none-win32.whl", hash = "sha256:d4272e87e801e9a27a2e8df7b21011c909d9ddd82f4f3281d269b6ba19789ca5", size = 10588964, upload-time = "2026-04-09T14:06:07.14Z" },
    { url = "https://files.pythonhosted.org/packages/25/b6/261225b875d7a13b33a6d02508c39c28450b2041bb01d0f7f1a83d569512/ruff-0.15.10-py3-none-win_amd64.whl", hash = "sha256:28cb32d53203242d403d819fd6983152489b12e4a3ae44993543d6fe62ab42ed", size = 11745044, upload-time = "2026-04-09T14:05:39.473Z" },
    { url = "https://files.pythonhosted.org/packages/58/ed/dea90a65b7d9e69888890fb14c90d7f51bf0c1e82ad800aeb0160e4bacfd/ruff-0.15.10-py3-none-win_arm64.whl", hash = "sha256:601d1610a9e1f1c2165a4f561eeaa2e2ea1e97f3287c5aa258d3dab8b57c6188", size = 11035607, upload-time = "2026-04-09T14:05:47.593Z" },
]

[[package]]
name = "testcontainers"
version = "4.14.2"
source = { registry = "https://pypi.org/simple" }
dependencies = [
    { name = "docker" },
    { name = "python-dotenv" },
    { name = "typing-extensions" },
    { name = "urllib3" },
    { name = "wrapt" },
]
sdist = { url = "https://files.pythonhosted.org/packages/ca/ac/a597c3a0e02b26cbed6dd07df68be1e57684766fd1c381dee9b170a99690/testcontainers-4.14.2.tar.gz", hash = "sha256:1340ccf16fe3acd9389a6c9e1d9ab21d9fe99a8afdf8165f89c3e69c1967d239", size = 166841, upload-time = "2026-03-18T05:19:16.696Z" }
wheels = [
    { url = "https://files.pythonhosted.org/packages/13/2d/26b8b30067d94339afee62c3edc9b803a6eb9332f521ba77d8aaab5de873/testcontainers-4.14.2-py3-none-any.whl", hash = "sha256:0d0522c3cd8f8d9627cda41f7a6b51b639fa57bdc492923c045117933c668d68", size = 125712, upload-time = "2026-03-18T05:19:15.29Z" },
]

[[package]]
name = "traffic-observability-pipeline"
version = "0.1.0"
source = { virtual = "." }

[package.dev-dependencies]
dev = [
    { name = "confluent-kafka" },
    { name = "mypy" },
    { name = "pyspark" },
    { name = "pytest" },
    { name = "ruff" },
    { name = "testcontainers" },
]

[package.metadata]

[package.metadata.requires-dev]
dev = [
    { name = "confluent-kafka", specifier = ">=2.14" },
    { name = "mypy", specifier = ">=1.10" },
    { name = "pyspark", specifier = ">=3.5,<3.6" },
    { name = "pytest", specifier = ">=8.0" },
    { name = "ruff", specifier = ">=0.6" },
    { name = "testcontainers", extras = ["kafka"], specifier = ">=4.0" },
]

[[package]]
name = "typing-extensions"
version = "4.15.0"
source = { registry = "https://pypi.org/simple" }
sdist = { url = "https://files.pythonhosted.org/packages/72/94/1a15dd82efb362ac84269196e94cf00f187f7ed21c242792a923cdb1c61f/typing_extensions-4.15.0.tar.gz", hash = "sha256:0cea48d173cc12fa28ecabc3b837ea3cf6f38c6d1136f85cbaaf598984861466", size = 109391, upload-time = "2025-08-25T13:49:26.313Z" }
wheels = [
    { url = "https://files.pythonhosted.org/packages/18/67/36e9267722cc04a6b9f15c7f3441c2363321a3ea07da7ae0c0707beb2a9c/typing_extensions-4.15.0-py3-none-any.whl", hash = "sha256:f0fa19c6845758ab08074a0cfa8b7aecb71c999ca73d62883bc25cc018c4e548", size = 44614, upload-time = "2025-08-25T13:49:24.86Z" },
]

[[package]]
name = "urllib3"
version = "2.6.3"
source = { registry = "https://pypi.org/simple" }
sdist = { url = "https://files.pythonhosted.org/packages/c7/24/5f1b3bdffd70275f6661c76461e25f024d5a38a46f04aaca912426a2b1d3/urllib3-2.6.3.tar.gz", hash = "sha256:1b62b6884944a57dbe321509ab94fd4d3b307075e0c2eae991ac71ee15ad38ed", size = 435556, upload-time = "2026-01-07T16:24:43.925Z" }
wheels = [
    { url = "https://files.pythonhosted.org/packages/39/08/aaaad47bc4e9dc8c725e68f9d04865dbcb2052843ff09c97b08904852d84/urllib3-2.6.3-py3-none-any.whl", hash = "sha256:bf272323e553dfb2e87d9bfd225ca7b0f467b919d7bbd355436d3fd37cb0acd4", size = 131584, upload-time = "2026-01-07T16:24:42.685Z" },
]

[[package]]
name = "wrapt"
version = "2.1.2"
source = { registry = "https://pypi.org/simple" }
sdist = { url = "https://files.pythonhosted.org/packages/2e/64/925f213fdcbb9baeb1530449ac71a4d57fc361c053d06bf78d0c5c7cd80c/wrapt-2.1.2.tar.gz", hash = "sha256:3996a67eecc2c68fd47b4e3c564405a5777367adfd9b8abb58387b63ee83b21e", size = 81678, upload-time = "2026-03-06T02:53:25.134Z" }
wheels = [
    { url = "https://files.pythonhosted.org/packages/c7/81/60c4471fce95afa5922ca09b88a25f03c93343f759aae0f31fb4412a85c7/wrapt-2.1.2-cp311-cp311-macosx_10_9_x86_64.whl", hash = "sha256:96159a0ee2b0277d44201c3b5be479a9979cf154e8c82fa5df49586a8e7679bb", size = 60666, upload-time = "2026-03-06T02:52:58.934Z" },
    { url = "https://files.pythonhosted.org/packages/6b/be/80e80e39e7cb90b006a0eaf11c73ac3a62bbfb3068469aec15cc0bc795de/wrapt-2.1.2-cp311-cp311-macosx_11_0_arm64.whl", hash = "sha256:98ba61833a77b747901e9012072f038795de7fc77849f1faa965464f3f87ff2d", size = 61601, upload-time = "2026-03-06T02:53:00.487Z" },
    { url = "https://files.pythonhosted.org/packages/b0/be/d7c88cd9293c859fc74b232abdc65a229bb953997995d6912fc85af18323/wrapt-2.1.2-cp311-cp311-manylinux1_x86_64.manylinux_2_28_x86_64.manylinux_2_5_x86_64.whl", hash = "sha256:767c0dbbe76cae2a60dd2b235ac0c87c9cccf4898aef8062e57bead46b5f6894", size = 114057, upload-time = "2026-03-06T02:52:44.08Z" },
    { url = "https://files.pythonhosted.org/packages/ea/25/36c04602831a4d685d45a93b3abea61eca7fe35dab6c842d6f5d570ef94a/wrapt-2.1.2-cp311-cp311-manylinux2014_aarch64.manylinux_2_17_aarch64.manylinux_2_28_aarch64.whl", hash = "sha256:9c691a6bc752c0cc4711cc0c00896fcd0f116abc253609ef64ef930032821842", size = 116099, upload-time = "2026-03-06T02:54:56.74Z" },
    { url = "https://files.pythonhosted.org/packages/5c/4e/98a6eb417ef551dc277bec1253d5246b25003cf36fdf3913b65cb7657a56/wrapt-2.1.2-cp311-cp311-manylinux_2_31_riscv64.manylinux_2_39_riscv64.whl", hash = "sha256:f3b7d73012ea75aee5844de58c88f44cf62d0d62711e39da5a82824a7c4626a8", size = 112457, upload-time = "2026-03-06T02:53:52.842Z" },
    { url = "https://files.pythonhosted.org/packages/cb/a6/a6f7186a5297cad8ec53fd7578533b28f795fdf5372368c74bd7e6e9841c/wrapt-2.1.2-cp311-cp311-musllinux_1_2_aarch64.whl", hash = "sha256:577dff354e7acd9d411eaf4bfe76b724c89c89c8fc9b7e127ee28c5f7bcb25b6", size = 115351, upload-time = "2026-03-06T02:53:32.684Z" },
    { url = "https://files.pythonhosted.org/packages/97/6f/06e66189e721dbebd5cf20e138acc4d1150288ce118462f2fcbff92d38db/wrapt-2.1.2-cp311-cp311-musllinux_1_2_riscv64.whl", hash = "sha256:3d7b6fd105f8b24e5bd23ccf41cb1d1099796524bcc6f7fbb8fe576c44befbc9", size = 111748, upload-time = "2026-03-06T02:53:08.455Z" },
    { url = "https://files.pythonhosted.org/packages/ef/43/4808b86f499a51370fbdbdfa6cb91e9b9169e762716456471b619fca7a70/wrapt-2.1.2-cp311-cp311-musllinux_1_2_x86_64.whl", hash = "sha256:866abdbf4612e0b34764922ef8b1c5668867610a718d3053d59e24a5e5fcfc15", size = 113783, upload-time = "2026-03-06T02:53:02.02Z" },
    { url = "https://files.pythonhosted.org/packages/91/2c/a3f28b8fa7ac2cefa01cfcaca3471f9b0460608d012b693998cd61ef43df/wrapt-2.1.2-cp311-cp311-win32.whl", hash = "sha256:5a0a0a3a882393095573344075189eb2d566e0fd205a2b6414e9997b1b800a8b", size = 57977, upload-time = "2026-03-06T02:53:27.844Z" },
    { url = "https://files.pythonhosted.org/packages/3f/c3/2b1c7bd07a27b1db885a2fab469b707bdd35bddf30a113b4917a7e2139d2/wrapt-2.1.2-cp311-cp311-win_amd64.whl", hash = "sha256:64a07a71d2730ba56f11d1a4b91f7817dc79bc134c11516b75d1921a7c6fcda1", size = 60336, upload-time = "2026-03-06T02:54:28.104Z" },
    { url = "https://files.pythonhosted.org/packages/ec/5c/76ece7b401b088daa6503d6264dd80f9a727df3e6042802de9a223084ea2/wrapt-2.1.2-cp311-cp311-win_arm64.whl", hash = "sha256:b89f095fe98bc12107f82a9f7d570dc83a0870291aeb6b1d7a7d35575f55d98a", size = 58756, upload-time = "2026-03-06T02:53:16.319Z" },
    { url = "https://files.pythonhosted.org/packages/1a/c7/8528ac2dfa2c1e6708f647df7ae144ead13f0a31146f43c7264b4942bf12/wrapt-2.1.2-py3-none-any.whl", hash = "sha256:b8fd6fa2b2c4e7621808f8c62e8317f4aae56e59721ad933bac5239d913cf0e8", size = 43993, upload-time = "2026-03-06T02:53:12.905Z" },
]
